<Solution>
  <Configurations>
    <Platform Name="x64" />
  </Configurations>
  <Folder Name="/Savers/">
    <Project Path="Savers/Starfield/Starfield.vcxproj" />
    <Project Path="Savers/Mystify95/Mystify95.vcxproj" />
    <Project Path="Savers/Beziers/Beziers.vcxproj" />
    <Project Path="Savers/Pipes3D/Pipes3D.vcxproj" />
    <Project Path="Savers/Aurora/Aurora.vcxproj" />
    <Project Path="Savers/Maze3D/Maze3D.vcxproj" />
    <Project Path="Savers/Matrix/Matrix.vcxproj" />
    <Project Path="Savers/DVDBounce/DVDBounce.vcxproj" />
    <Project Path="Savers/FlyingWindows/FlyingWindows.vcxproj" />
    <Project Path="Savers/Marquee/Marquee.vcxproj" />
    <Project Path="Savers/Fireworks/Fireworks.vcxproj" />
    <Project Path="Savers/BoingBall/BoingBall.vcxproj" />
    <Project Path="Savers/PersianRug/PersianRug.vcxproj" />
    <Project Path="Savers/Text3D/Text3D.vcxproj" />
    <Project Path="Savers/BubblesVista/BubblesVista.vcxproj" />
    <Project Path="Savers/Photos/Photos.vcxproj" />
    <Project Path="Savers/Flurry/Flurry.vcxproj" />
    <Project Path="Savers/FlowerBox/FlowerBox.vcxproj" />
    <Project Path="Savers/Plasma/Plasma.vcxproj" />
    <Project Path="Savers/Life/Life.vcxproj" />
    <Project Path="Savers/Attractors/Attractors.vcxproj" />
    <Project Path="Savers/Gears/Gears.vcxproj" />
    <Project Path="Savers/RibbonsVista/RibbonsVista.vcxproj" />
    <Project Path="Savers/FlyingObjects/FlyingObjects.vcxproj" />
    <Project Path="Savers/Energy/Energy.vcxproj" />
    <Project Path="Savers/AfterDark/AfterDark.vcxproj" />
    <Project Path="Savers/Aquarium/Aquarium.vcxproj" />
  </Folder>
  <Folder Name="/Tools/">
    <Project Path="tools/PreviewHost/PreviewHost.vcxproj" />
  </Folder>
  <Project Path="Core/Core.vcxproj" />
</Solution>
